
Microsoft Visual Studio Solution File, Format Version 12.00
# Visual Studio 15
VisualStudioVersion = 15.0.27428.2027
MinimumVisualStudioVersion = 10.0.40219.1
Project("{FAE04EC0-301F-11D3-BF4B-00C04F79EFBC}") = "Kalkulator", "Kalkulator\Kalkulator.csproj", "{5BE0D380-7062-4F76-B6B3-7A13B2D1D5EF}"
EndProject
Global
	GlobalSection(SolutionConfigurationPlatforms) = preSolution
		Debug|Any CPU = Debug|Any CPU
		Release|Any CPU = Release|Any CPU
	EndGlobalSection
	GlobalSection(ProjectConfigurationPlatforms) = postSolution
		{5BE0D380-7062-4F76-B6B3-7A13B2D1D5EF}.Debug|Any CPU.ActiveCfg = Debug|Any CPU
		{5BE0D380-7062-4F76-B6B3-7A13B2D1D5EF}.Debug|Any CPU.Build.0 = Debug|Any CPU
		{5BE0D380-7062-4F76-B6B3-7A13B2D1D5EF}.Release|Any CPU.ActiveCfg = Release|Any CPU
		{5BE0D380-7062-4F76-B6B3-7A13B2D1D5EF}.Release|Any CPU.Build.0 = Release|Any CPU
	EndGlobalSection
	GlobalSection(SolutionProperties) = preSolution
		HideSolutionNode = FALSE
	EndGlobalSection
	GlobalSection(ExtensibilityGlobals) = postSolution
		SolutionGuid = {F2B287BC-6EEF-40B5-BF6A-4D25EE6B5837}
	EndGlobalSection
EndGlobal
